
Microsoft Visual Studio Solution File, Format Version 12.00
# Visual Studio 14
VisualStudioVersion = 14.0.24720.0
MinimumVisualStudioVersion = 10.0.40219.1
Project("{8BC9CEB8-8B4A-11D0-8D11-00A0C91BC942}") = "Exerc_02", "Exerc_02\Exerc_02.vcxproj", "{CED3C6A6-9BD1-4565-934F-7E108D7754A0}"
EndProject
Project("{8BC9CEB8-8B4A-11D0-8D11-00A0C91BC942}") = "Exerc_01", "Exerc_01\Exerc_01.vcxproj", "{AA2538CA-C7D0-4F68-95D7-6970D138B123}"
EndProject
Project("{8BC9CEB8-8B4A-11D0-8D11-00A0C91BC942}") = "Exerc_03", "Exerc_03\Exerc_03.vcxproj", "{6CBD1C21-0D56-49DD-BA48-75809D366F21}"
EndProject
Project("{8BC9CEB8-8B4A-11D0-8D11-00A0C91BC942}") = "Exerc_04", "Exerc_04\Exerc_04.vcxproj", "{0D7B488E-3E40-4DB7-AC73-4994CD737B90}"
EndProject
Project("{8BC9CEB8-8B4A-11D0-8D11-00A0C91BC942}") = "Exerc_05", "Exerc_05\Exerc_05.vcxproj", "{E0C53D0C-913D-4CC0-B03D-89342B933E15}"
EndProject
Project("{8BC9CEB8-8B4A-11D0-8D11-00A0C91BC942}") = "Exerc_06", "Exerc_06\Exerc_06.vcxproj", "{37F899B3-F265-45E9-9E79-28287B16E8A7}"
EndProject
Project("{8BC9CEB8-8B4A-11D0-8D11-00A0C91BC942}") = "Exerc_07", "Exerc_07\Exerc_07.vcxproj", "{B56312A1-E6DF-4865-A0CE-270E81912B7A}"
EndProject
Project("{8BC9CEB8-8B4A-11D0-8D11-00A0C91BC942}") = "Exerc_08", "Exerc_08\Exerc_08.vcxproj", "{5C24F6AD-A6CD-4315-B798-7653167B5F35}"
EndProject
Project("{8BC9CEB8-8B4A-11D0-8D11-00A0C91BC942}") = "Exerc_09", "Exerc_09\Exerc_09.vcxproj", "{0236048D-381D-4F2C-BAA7-B39CDCF21DE0}"
EndProject
Project("{8BC9CEB8-8B4A-11D0-8D11-00A0C91BC942}") = "Exerc_10", "Exerc_10\Exerc_10.vcxproj", "{A5EA9706-264C-418D-A98C-92F96D04B699}"
EndProject
Global
	GlobalSection(SolutionConfigurationPlatforms) = preSolution
		Debug|x64 = Debug|x64
		Debug|x86 = Debug|x86
		Release|x64 = Release|x64
		Release|x86 = Release|x86
	EndGlobalSection
	GlobalSection(ProjectConfigurationPlatforms) = postSolution
		{CED3C6A6-9BD1-4565-934F-7E108D7754A0}.Debug|x64.ActiveCfg = Debug|x64
		{CED3C6A6-9BD1-4565-934F-7E108D7754A0}.Debug|x64.Build.0 = Debug|x64
		{CED3C6A6-9BD1-4565-934F-7E108D7754A0}.Debug|x86.ActiveCfg = Debug|Win32
		{CED3C6A6-9BD1-4565-934F-7E108D7754A0}.Debug|x86.Build.0 = Debug|Win32
		{CED3C6A6-9BD1-4565-934F-7E108D7754A0}.Release|x64.ActiveCfg = Release|x64
		{CED3C6A6-9BD1-4565-934F-7E108D7754A0}.Release|x64.Build.0 = Release|x64
		{CED3C6A6-9BD1-4565-934F-7E108D7754A0}.Release|x86.ActiveCfg = Release|Win32
		{CED3C6A6-9BD1-4565-934F-7E108D7754A0}.Release|x86.Build.0 = Release|Win32
		{AA2538CA-C7D0-4F68-95D7-6970D138B123}.Debug|x64.ActiveCfg = Debug|x64
		{AA2538CA-C7D0-4F68-95D7-6970D138B123}.Debug|x64.Build.0 = Debug|x64
		{AA2538CA-C7D0-4F68-95D7-6970D138B123}.Debug|x86.ActiveCfg = Debug|Win32
		{AA2538CA-C7D0-4F68-95D7-6970D138B123}.Debug|x86.Build.0 = Debug|Win32
		{AA2538CA-C7D0-4F68-95D7-6970D138B123}.Release|x64.ActiveCfg = Release|x64
		{AA2538CA-C7D0-4F68-95D7-6970D138B123}.Release|x64.Build.0 = Release|x64
		{AA2538CA-C7D0-4F68-95D7-6970D138B123}.Release|x86.ActiveCfg = Release|Win32
		{AA2538CA-C7D0-4F68-95D7-6970D138B123}.Release|x86.Build.0 = Release|Win32
		{6CBD1C21-0D56-49DD-BA48-75809D366F21}.Debug|x64.ActiveCfg = Debug|x64
		{6CBD1C21-0D56-49DD-BA48-75809D366F21}.Debug|x64.Build.0 = Debug|x64
		{6CBD1C21-0D56-49DD-BA48-75809D366F21}.Debug|x86.ActiveCfg = Debug|Win32
		{6CBD1C21-0D56-49DD-BA48-75809D366F21}.Debug|x86.Build.0 = Debug|Win32
		{6CBD1C21-0D56-49DD-BA48-75809D366F21}.Release|x64.ActiveCfg = Release|x64
		{6CBD1C21-0D56-49DD-BA48-75809D366F21}.Release|x64.Build.0 = Release|x64
		{6CBD1C21-0D56-49DD-BA48-75809D366F21}.Release|x86.ActiveCfg = Release|Win32
		{6CBD1C21-0D56-49DD-BA48-75809D366F21}.Release|x86.Build.0 = Release|Win32
		{0D7B488E-3E40-4DB7-AC73-4994CD737B90}.Debug|x64.ActiveCfg = Debug|x64
		{0D7B488E-3E40-4DB7-AC73-4994CD737B90}.Debug|x64.Build.0 = Debug|x64
		{0D7B488E-3E40-4DB7-AC73-4994CD737B90}.Debug|x86.ActiveCfg = Debug|Win32
		{0D7B488E-3E40-4DB7-AC73-4994CD737B90}.Debug|x86.Build.0 = Debug|Win32
		{0D7B488E-3E40-4DB7-AC73-4994CD737B90}.Release|x64.ActiveCfg = Release|x64
		{0D7B488E-3E40-4DB7-AC73-4994CD737B90}.Release|x64.Build.0 = Release|x64
		{0D7B488E-3E40-4DB7-AC73-4994CD737B90}.Release|x86.ActiveCfg = Release|Win32
		{0D7B488E-3E40-4DB7-AC73-4994CD737B90}.Release|x86.Build.0 = Release|Win32
		{E0C53D0C-913D-4CC0-B03D-89342B933E15}.Debug|x64.ActiveCfg = Debug|x64
		{E0C53D0C-913D-4CC0-B03D-89342B933E15}.Debug|x64.Build.0 = Debug|x64
		{E0C53D0C-913D-4CC0-B03D-89342B933E15}.Debug|x86.ActiveCfg = Debug|Win32
		{E0C53D0C-913D-4CC0-B03D-89342B933E15}.Debug|x86.Build.0 = Debug|Win32
		{E0C53D0C-913D-4CC0-B03D-89342B933E15}.Release|x64.ActiveCfg = Release|x64
		{E0C53D0C-913D-4CC0-B03D-89342B933E15}.Release|x64.Build.0 = Release|x64
		{E0C53D0C-913D-4CC0-B03D-89342B933E15}.Release|x86.ActiveCfg = Release|Win32
		{E0C53D0C-913D-4CC0-B03D-89342B933E15}.Release|x86.Build.0 = Release|Win32
		{37F899B3-F265-45E9-9E79-28287B16E8A7}.Debug|x64.ActiveCfg = Debug|x64
		{37F899B3-F265-45E9-9E79-28287B16E8A7}.Debug|x64.Build.0 = Debug|x64
		{37F899B3-F265-45E9-9E79-28287B16E8A7}.Debug|x86.ActiveCfg = Debug|Win32
		{37F899B3-F265-45E9-9E79-28287B16E8A7}.Debug|x86.Build.0 = Debug|Win32
		{37F899B3-F265-45E9-9E79-28287B16E8A7}.Release|x64.ActiveCfg = Release|x64
		{37F899B3-F265-45E9-9E79-28287B16E8A7}.Release|x64.Build.0 = Release|x64
		{37F899B3-F265-45E9-9E79-28287B16E8A7}.Release|x86.ActiveCfg = Release|Win32
		{37F899B3-F265-45E9-9E79-28287B16E8A7}.Release|x86.Build.0 = Release|Win32
		{B56312A1-E6DF-4865-A0CE-270E81912B7A}.Debug|x64.ActiveCfg = Debug|x64
		{B56312A1-E6DF-4865-A0CE-270E81912B7A}.Debug|x64.Build.0 = Debug|x64
		{B56312A1-E6DF-4865-A0CE-270E81912B7A}.Debug|x86.ActiveCfg = Debug|Win32
		{B56312A1-E6DF-4865-A0CE-270E81912B7A}.Debug|x86.Build.0 = Debug|Win32
		{B56312A1-E6DF-4865-A0CE-270E81912B7A}.Release|x64.ActiveCfg = Release|x64
		{B56312A1-E6DF-4865-A0CE-270E81912B7A}.Release|x64.Build.0 = Release|x64
		{B56312A1-E6DF-4865-A0CE-270E81912B7A}.Release|x86.ActiveCfg = Release|Win32
		{B56312A1-E6DF-4865-A0CE-270E81912B7A}.Release|x86.Build.0 = Release|Win32
		{5C24F6AD-A6CD-4315-B798-7653167B5F35}.Debug|x64.ActiveCfg = Debug|x64
		{5C24F6AD-A6CD-4315-B798-7653167B5F35}.Debug|x64.Build.0 = Debug|x64
		{5C24F6AD-A6CD-4315-B798-7653167B5F35}.Debug|x86.ActiveCfg = Debug|Win32
		{5C24F6AD-A6CD-4315-B798-7653167B5F35}.Debug|x86.Build.0 = Debug|Win32
		{5C24F6AD-A6CD-4315-B798-7653167B5F35}.Release|x64.ActiveCfg = Release|x64
		{5C24F6AD-A6CD-4315-B798-7653167B5F35}.Release|x64.Build.0 = Release|x64
		{5C24F6AD-A6CD-4315-B798-7653167B5F35}.Release|x86.ActiveCfg = Release|Win32
		{5C24F6AD-A6CD-4315-B798-7653167B5F35}.Release|x86.Build.0 = Release|Win32
		{0236048D-381D-4F2C-BAA7-B39CDCF21DE0}.Debug|x64.ActiveCfg = Debug|x64
		{0236048D-381D-4F2C-BAA7-B39CDCF21DE0}.Debug|x64.Build.0 = Debug|x64
		{0236048D-381D-4F2C-BAA7-B39CDCF21DE0}.Debug|x86.ActiveCfg = Debug|Win32
		{0236048D-381D-4F2C-BAA7-B39CDCF21DE0}.Debug|x86.Build.0 = Debug|Win32
		{0236048D-381D-4F2C-BAA7-B39CDCF21DE0}.Release|x64.ActiveCfg = Release|x64
		{0236048D-381D-4F2C-BAA7-B39CDCF21DE0}.Release|x64.Build.0 = Release|x64
		{0236048D-381D-4F2C-BAA7-B39CDCF21DE0}.Release|x86.ActiveCfg = Release|Win32
		{0236048D-381D-4F2C-BAA7-B39CDCF21DE0}.Release|x86.Build.0 = Release|Win32
		{A5EA9706-264C-418D-A98C-92F96D04B699}.Debug|x64.ActiveCfg = Debug|x64
		{A5EA9706-264C-418D-A98C-92F96D04B699}.Debug|x64.Build.0 = Debug|x64
		{A5EA9706-264C-418D-A98C-92F96D04B699}.Debug|x86.ActiveCfg = Debug|Win32
		{A5EA9706-264C-418D-A98C-92F96D04B699}.Debug|x86.Build.0 = Debug|Win32
		{A5EA9706-264C-418D-A98C-92F96D04B699}.Release|x64.ActiveCfg = Release|x64
		{A5EA9706-264C-418D-A98C-92F96D04B699}.Release|x64.Build.0 = Release|x64
		{A5EA9706-264C-418D-A98C-92F96D04B699}.Release|x86.ActiveCfg = Release|Win32
		{A5EA9706-264C-418D-A98C-92F96D04B699}.Release|x86.Build.0 = Release|Win32
	EndGlobalSection
	GlobalSection(SolutionProperties) = preSolution
		HideSolutionNode = FALSE
	EndGlobalSection
EndGlobal
